
Microsoft Visual Studio Solution File, Format Version 12.00
Project("{2150E333-8FDC-42A3-9474-1A3956D46DE8}") = "src", "src", "{D29B41FB-821D-478A-88C4-A09E4810B23D}"
EndProject
Project("{2150E333-8FDC-42A3-9474-1A3956D46DE8}") = "tests", "tests", "{F7F9C2EA-C9C2-46BD-BAA4-5DDA33D161FA}"
EndProject
Project("{2150E333-8FDC-42A3-9474-1A3956D46DE8}") = "Core", "Core", "{1B485E97-8446-453D-99A8-734DC9D28ACE}"
EndProject
Project("{2150E333-8FDC-42A3-9474-1A3956D46DE8}") = "Infrastructure", "Infrastructure", "{9A1E5B8C-BDE9-43A0-8002-87C07001E631}"
EndProject
Project("{2150E333-8FDC-42A3-9474-1A3956D46DE8}") = "Presentation", "Presentation", "{22DFF207-6E7B-48BB-97DE-97D1734A8AD3}"
EndProject
Project("{FAE04EC0-301F-11D3-BF4B-00C04F79EFBC}") = "CommentService.Domain", "CommentService.Domain\CommentService.Domain.csproj", "{C6277466-EEDE-4BAD-8A03-F309941DA126}"
EndProject
Project("{FAE04EC0-301F-11D3-BF4B-00C04F79EFBC}") = "CommentService.Application", "CommentService.Application\CommentService.Application.csproj", "{53AFDD45-24B3-43B9-8274-46C26338564C}"
EndProject
Project("{FAE04EC0-301F-11D3-BF4B-00C04F79EFBC}") = "CommentService.Infrastructure", "CommentService.Infrastructure\CommentService.Infrastructure.csproj", "{DDB15086-EC14-4E0A-A0F5-440D884063BD}"
EndProject
Project("{FAE04EC0-301F-11D3-BF4B-00C04F79EFBC}") = "CommentService.Api", "CommentService.Api\CommentService.Api.csproj", "{DFE2B031-FE7C-4756-8EA7-BFF07340F1D0}"
EndProject
Project("{FAE04EC0-301F-11D3-BF4B-00C04F79EFBC}") = "CommentService.IntegrationTests", "CommentService.IntegrationTests\CommentService.IntegrationTests.csproj", "{58C2CEF2-1508-4289-8815-C5AB8B7924B1}"
EndProject
Global
	GlobalSection(SolutionConfigurationPlatforms) = preSolution
		Debug|Any CPU = Debug|Any CPU
		Release|Any CPU = Release|Any CPU
	EndGlobalSection
	GlobalSection(NestedProjects) = preSolution
		{1B485E97-8446-453D-99A8-734DC9D28ACE} = {D29B41FB-821D-478A-88C4-A09E4810B23D}
		{9A1E5B8C-BDE9-43A0-8002-87C07001E631} = {D29B41FB-821D-478A-88C4-A09E4810B23D}
		{22DFF207-6E7B-48BB-97DE-97D1734A8AD3} = {D29B41FB-821D-478A-88C4-A09E4810B23D}
		{C6277466-EEDE-4BAD-8A03-F309941DA126} = {1B485E97-8446-453D-99A8-734DC9D28ACE}
		{53AFDD45-24B3-43B9-8274-46C26338564C} = {1B485E97-8446-453D-99A8-734DC9D28ACE}
		{DDB15086-EC14-4E0A-A0F5-440D884063BD} = {9A1E5B8C-BDE9-43A0-8002-87C07001E631}
		{DFE2B031-FE7C-4756-8EA7-BFF07340F1D0} = {22DFF207-6E7B-48BB-97DE-97D1734A8AD3}
		{58C2CEF2-1508-4289-8815-C5AB8B7924B1} = {F7F9C2EA-C9C2-46BD-BAA4-5DDA33D161FA}
	EndGlobalSection
	GlobalSection(ProjectConfigurationPlatforms) = postSolution
		{C6277466-EEDE-4BAD-8A03-F309941DA126}.Debug|Any CPU.ActiveCfg = Debug|Any CPU
		{C6277466-EEDE-4BAD-8A03-F309941DA126}.Debug|Any CPU.Build.0 = Debug|Any CPU
		{C6277466-EEDE-4BAD-8A03-F309941DA126}.Release|Any CPU.ActiveCfg = Release|Any CPU
		{C6277466-EEDE-4BAD-8A03-F309941DA126}.Release|Any CPU.Build.0 = Release|Any CPU
		{53AFDD45-24B3-43B9-8274-46C26338564C}.Debug|Any CPU.ActiveCfg = Debug|Any CPU
		{53AFDD45-24B3-43B9-8274-46C26338564C}.Debug|Any CPU.Build.0 = Debug|Any CPU
		{53AFDD45-24B3-43B9-8274-46C26338564C}.Release|Any CPU.ActiveCfg = Release|Any CPU
		{53AFDD45-24B3-43B9-8274-46C26338564C}.Release|Any CPU.Build.0 = Release|Any CPU
		{DDB15086-EC14-4E0A-A0F5-440D884063BD}.Debug|Any CPU.ActiveCfg = Debug|Any CPU
		{DDB15086-EC14-4E0A-A0F5-440D884063BD}.Debug|Any CPU.Build.0 = Debug|Any CPU
		{DDB15086-EC14-4E0A-A0F5-440D884063BD}.Release|Any CPU.ActiveCfg = Release|Any CPU
		{DDB15086-EC14-4E0A-A0F5-440D884063BD}.Release|Any CPU.Build.0 = Release|Any CPU
		{DFE2B031-FE7C-4756-8EA7-BFF07340F1D0}.Debug|Any CPU.ActiveCfg = Debug|Any CPU
		{DFE2B031-FE7C-4756-8EA7-BFF07340F1D0}.Debug|Any CPU.Build.0 = Debug|Any CPU
		{DFE2B031-FE7C-4756-8EA7-BFF07340F1D0}.Release|Any CPU.ActiveCfg = Release|Any CPU
		{DFE2B031-FE7C-4756-8EA7-BFF07340F1D0}.Release|Any CPU.Build.0 = Release|Any CPU
		{58C2CEF2-1508-4289-8815-C5AB8B7924B1}.Debug|Any CPU.ActiveCfg = Debug|Any CPU
		{58C2CEF2-1508-4289-8815-C5AB8B7924B1}.Debug|Any CPU.Build.0 = Debug|Any CPU
		{58C2CEF2-1508-4289-8815-C5AB8B7924B1}.Release|Any CPU.ActiveCfg = Release|Any CPU
		{58C2CEF2-1508-4289-8815-C5AB8B7924B1}.Release|Any CPU.Build.0 = Release|Any CPU
	EndGlobalSection
EndGlobal
