
Microsoft Visual Studio Solution File, Format Version 12.00
Project("{2150E333-8FDC-42A3-9474-1A3956D46DE8}") = "src", "src", "{4895764E-DE1B-4B93-8D0B-175202657D1A}"
EndProject
Project("{2150E333-8FDC-42A3-9474-1A3956D46DE8}") = "tests", "tests", "{67E5E5A6-132A-453F-B1A1-2A144CC76A86}"
EndProject
Project("{2150E333-8FDC-42A3-9474-1A3956D46DE8}") = "Core", "Core", "{59EF7B51-9ECE-4DF7-A59C-D9F2DE2BFF83}"
EndProject
Project("{2150E333-8FDC-42A3-9474-1A3956D46DE8}") = "Infrastructure", "Infrastructure", "{49E2F038-5F4B-4BBF-A6A6-84EAFEEFBC20}"
EndProject
Project("{2150E333-8FDC-42A3-9474-1A3956D46DE8}") = "Presentation", "Presentation", "{1207C9F3-AB2A-4055-B26B-821814C22253}"
EndProject
Project("{FAE04EC0-301F-11D3-BF4B-00C04F79EFBC}") = "PostService.Domain", "PostService.Domain\PostService.Domain.csproj", "{87B244A2-4BA8-44AF-9A37-7D1E47729782}"
EndProject
Project("{FAE04EC0-301F-11D3-BF4B-00C04F79EFBC}") = "PostService.Application", "PostService.Application\PostService.Application.csproj", "{A2EA11A5-7E6B-4F88-A39B-D306DA275C7E}"
EndProject
Project("{FAE04EC0-301F-11D3-BF4B-00C04F79EFBC}") = "PostService.Infrastructure", "PostService.Infrastructure\PostService.Infrastructure.csproj", "{E0280B98-2025-4E8D-A2B8-B70FDFFDEFA8}"
EndProject
Project("{FAE04EC0-301F-11D3-BF4B-00C04F79EFBC}") = "PostService.Api", "PostService.Api\PostService.Api.csproj", "{A64845DB-8D56-4305-AFA3-B528D8E6D55C}"
EndProject
Project("{FAE04EC0-301F-11D3-BF4B-00C04F79EFBC}") = "PostService.IntegrationTests", "..\..\..\tests\PostService.IntegrationTests\PostService.IntegrationTests.csproj", "{39AC10B9-1DFC-4382-99C9-C5999858AEE0}"
EndProject
Global
	GlobalSection(SolutionConfigurationPlatforms) = preSolution
		Debug|Any CPU = Debug|Any CPU
		Release|Any CPU = Release|Any CPU
	EndGlobalSection
	GlobalSection(NestedProjects) = preSolution
		{59EF7B51-9ECE-4DF7-A59C-D9F2DE2BFF83} = {4895764E-DE1B-4B93-8D0B-175202657D1A}
		{49E2F038-5F4B-4BBF-A6A6-84EAFEEFBC20} = {4895764E-DE1B-4B93-8D0B-175202657D1A}
		{1207C9F3-AB2A-4055-B26B-821814C22253} = {4895764E-DE1B-4B93-8D0B-175202657D1A}
		{87B244A2-4BA8-44AF-9A37-7D1E47729782} = {59EF7B51-9ECE-4DF7-A59C-D9F2DE2BFF83}
		{A2EA11A5-7E6B-4F88-A39B-D306DA275C7E} = {59EF7B51-9ECE-4DF7-A59C-D9F2DE2BFF83}
		{E0280B98-2025-4E8D-A2B8-B70FDFFDEFA8} = {49E2F038-5F4B-4BBF-A6A6-84EAFEEFBC20}
		{A64845DB-8D56-4305-AFA3-B528D8E6D55C} = {1207C9F3-AB2A-4055-B26B-821814C22253}
		{39AC10B9-1DFC-4382-99C9-C5999858AEE0} = {67E5E5A6-132A-453F-B1A1-2A144CC76A86}
	EndGlobalSection
	GlobalSection(ProjectConfigurationPlatforms) = postSolution
		{87B244A2-4BA8-44AF-9A37-7D1E47729782}.Debug|Any CPU.ActiveCfg = Debug|Any CPU
		{87B244A2-4BA8-44AF-9A37-7D1E47729782}.Debug|Any CPU.Build.0 = Debug|Any CPU
		{87B244A2-4BA8-44AF-9A37-7D1E47729782}.Release|Any CPU.ActiveCfg = Release|Any CPU
		{87B244A2-4BA8-44AF-9A37-7D1E47729782}.Release|Any CPU.Build.0 = Release|Any CPU
		{A2EA11A5-7E6B-4F88-A39B-D306DA275C7E}.Debug|Any CPU.ActiveCfg = Debug|Any CPU
		{A2EA11A5-7E6B-4F88-A39B-D306DA275C7E}.Debug|Any CPU.Build.0 = Debug|Any CPU
		{A2EA11A5-7E6B-4F88-A39B-D306DA275C7E}.Release|Any CPU.ActiveCfg = Release|Any CPU
		{A2EA11A5-7E6B-4F88-A39B-D306DA275C7E}.Release|Any CPU.Build.0 = Release|Any CPU
		{E0280B98-2025-4E8D-A2B8-B70FDFFDEFA8}.Debug|Any CPU.ActiveCfg = Debug|Any CPU
		{E0280B98-2025-4E8D-A2B8-B70FDFFDEFA8}.Debug|Any CPU.Build.0 = Debug|Any CPU
		{E0280B98-2025-4E8D-A2B8-B70FDFFDEFA8}.Release|Any CPU.ActiveCfg = Release|Any CPU
		{E0280B98-2025-4E8D-A2B8-B70FDFFDEFA8}.Release|Any CPU.Build.0 = Release|Any CPU
		{A64845DB-8D56-4305-AFA3-B528D8E6D55C}.Debug|Any CPU.ActiveCfg = Debug|Any CPU
		{A64845DB-8D56-4305-AFA3-B528D8E6D55C}.Debug|Any CPU.Build.0 = Debug|Any CPU
		{A64845DB-8D56-4305-AFA3-B528D8E6D55C}.Release|Any CPU.ActiveCfg = Release|Any CPU
		{A64845DB-8D56-4305-AFA3-B528D8E6D55C}.Release|Any CPU.Build.0 = Release|Any CPU
		{39AC10B9-1DFC-4382-99C9-C5999858AEE0}.Debug|Any CPU.ActiveCfg = Debug|Any CPU
		{39AC10B9-1DFC-4382-99C9-C5999858AEE0}.Debug|Any CPU.Build.0 = Debug|Any CPU
		{39AC10B9-1DFC-4382-99C9-C5999858AEE0}.Release|Any CPU.ActiveCfg = Release|Any CPU
		{39AC10B9-1DFC-4382-99C9-C5999858AEE0}.Release|Any CPU.Build.0 = Release|Any CPU
	EndGlobalSection
EndGlobal
